
Microsoft Visual Studio Solution File, Format Version 12.00
# Visual Studio 14
VisualStudioVersion = 14.0.25420.1
MinimumVisualStudioVersion = 10.0.40219.1
Project("{A07B5EB6-E848-4116-A8D0-A826331D98C6}") = "DictionaryApp", "DictionaryApp\DictionaryApp.sfproj", "{7C9BFB6A-D1E1-4FF5-9D7F-CD91F8ADF7CF}"
EndProject
Project("{FAE04EC0-301F-11D3-BF4B-00C04F79EFBC}") = "DictionaryService.Actor", "DictionaryService\DictionaryService.Actor.csproj", "{F230B091-436F-4CC8-A838-F3636FB11A37}"
EndProject
Project("{FAE04EC0-301F-11D3-BF4B-00C04F79EFBC}") = "DictionaryService.DataAccess", "DictionaryService.DataAccess\DictionaryService.DataAccess.csproj", "{E0120B1C-23D4-4061-AA4E-110FFFECE5F7}"
EndProject
Global
	GlobalSection(SolutionConfigurationPlatforms) = preSolution
		Debug|Any CPU = Debug|Any CPU
		Debug|x64 = Debug|x64
		Release|Any CPU = Release|Any CPU
		Release|x64 = Release|x64
	EndGlobalSection
	GlobalSection(ProjectConfigurationPlatforms) = postSolution
		{7C9BFB6A-D1E1-4FF5-9D7F-CD91F8ADF7CF}.Debug|Any CPU.ActiveCfg = Debug|x64
		{7C9BFB6A-D1E1-4FF5-9D7F-CD91F8ADF7CF}.Debug|x64.ActiveCfg = Debug|x64
		{7C9BFB6A-D1E1-4FF5-9D7F-CD91F8ADF7CF}.Debug|x64.Build.0 = Debug|x64
		{7C9BFB6A-D1E1-4FF5-9D7F-CD91F8ADF7CF}.Debug|x64.Deploy.0 = Debug|x64
		{7C9BFB6A-D1E1-4FF5-9D7F-CD91F8ADF7CF}.Release|Any CPU.ActiveCfg = Release|x64
		{7C9BFB6A-D1E1-4FF5-9D7F-CD91F8ADF7CF}.Release|x64.ActiveCfg = Release|x64
		{7C9BFB6A-D1E1-4FF5-9D7F-CD91F8ADF7CF}.Release|x64.Build.0 = Release|x64
		{7C9BFB6A-D1E1-4FF5-9D7F-CD91F8ADF7CF}.Release|x64.Deploy.0 = Release|x64
		{F230B091-436F-4CC8-A838-F3636FB11A37}.Debug|Any CPU.ActiveCfg = Debug|x64
		{F230B091-436F-4CC8-A838-F3636FB11A37}.Debug|x64.ActiveCfg = Debug|x64
		{F230B091-436F-4CC8-A838-F3636FB11A37}.Debug|x64.Build.0 = Debug|x64
		{F230B091-436F-4CC8-A838-F3636FB11A37}.Release|Any CPU.ActiveCfg = Release|x64
		{F230B091-436F-4CC8-A838-F3636FB11A37}.Release|x64.ActiveCfg = Release|x64
		{F230B091-436F-4CC8-A838-F3636FB11A37}.Release|x64.Build.0 = Release|x64
		{E0120B1C-23D4-4061-AA4E-110FFFECE5F7}.Debug|Any CPU.ActiveCfg = Debug|x64
		{E0120B1C-23D4-4061-AA4E-110FFFECE5F7}.Debug|x64.ActiveCfg = Debug|x64
		{E0120B1C-23D4-4061-AA4E-110FFFECE5F7}.Debug|x64.Build.0 = Debug|x64
		{E0120B1C-23D4-4061-AA4E-110FFFECE5F7}.Release|Any CPU.ActiveCfg = Release|x64
		{E0120B1C-23D4-4061-AA4E-110FFFECE5F7}.Release|x64.ActiveCfg = Release|x64
		{E0120B1C-23D4-4061-AA4E-110FFFECE5F7}.Release|x64.Build.0 = Release|x64
	EndGlobalSection
	GlobalSection(SolutionProperties) = preSolution
		HideSolutionNode = FALSE
	EndGlobalSection
EndGlobal
